<?xml version="1.0" encoding="utf-8"?>
<Project ToolsVersion="4.0" xmlns="http://schemas.microsoft.com/developer/msbuild/2003">
  <ItemGroup>
    <ClCompile Include="public\Brush.cpp">
      <Filter>cpp</Filter>
    </ClCompile>
    <ClCompile Include="public\BrushBlock.cpp">
      <Filter>cpp</Filter>
    </ClCompile>
    <ClCompile Include="public\BrushPacket.cpp">
      <Filter>cpp</Filter>
    </ClCompile>
    <ClCompile Include="public\Console.cpp">
      <Filter>cpp</Filter>
    </ClCompile>
    <ClCompile Include="public\main.cpp">
      <Filter>cpp</Filter>
    </ClCompile>
    <ClCompile Include="public\Renderer.cpp">
      <Filter>cpp</Filter>
    </ClCompile>
    <ClCompile Include="public\stdafx.cpp">
      <Filter>cpp</Filter>
    </ClCompile>
    <ClCompile Include="public\Vector2.cpp">
      <Filter>cpp</Filter>
    </ClCompile>
  </ItemGroup>
  <ItemGroup>
    <ClInclude Include="private\Brush.h">
      <Filter>hpp</Filter>
    </ClInclude>
    <ClInclude Include="private\BrushBlock.h">
      <Filter>hpp</Filter>
    </ClInclude>
    <ClInclude Include="private\BrushPacket.h">
      <Filter>hpp</Filter>
    </ClInclude>
    <ClInclude Include="private\Console.h">
      <Filter>hpp</Filter>
    </ClInclude>
    <ClInclude Include="private\Renderer.h">
      <Filter>hpp</Filter>
    </ClInclude>
    <ClInclude Include="private\stdafx.h">
      <Filter>hpp</Filter>
    </ClInclude>
    <ClInclude Include="private\targetver.h">
      <Filter>hpp</Filter>
    </ClInclude>
    <ClInclude Include="private\Vector2.h">
      <Filter>hpp</Filter>
    </ClInclude>
  </ItemGroup>
  <ItemGroup>
    <Filter Include="cpp">
      <UniqueIdentifier>{69680a19-a5f7-4290-bf3a-25cfdc9ab3bb}</UniqueIdentifier>
    </Filter>
    <Filter Include="hpp">
      <UniqueIdentifier>{66fb0f0f-a41e-4826-bc0a-6890620e9ef4}</UniqueIdentifier>
    </Filter>
  </ItemGroup>
</Project>